
Microsoft Visual Studio Solution File, Format Version 12.00
# Visual Studio Version 16
VisualStudioVersion = 16.0.30804.86
MinimumVisualStudioVersion = 10.0.40219.1
Project("{9A19103F-16F7-4668-BE54-9A1E7A4F7556}") = "WebUI", "WebUI\WebUI.csproj", "{4A9539D8-02CB-4697-A5BC-D8DC3995B936}"
EndProject
Project("{9A19103F-16F7-4668-BE54-9A1E7A4F7556}") = "DSP_Model", "DSPL_App\DSP_Model\DSP_Model.csproj", "{8B0BCAC2-5410-4C19-9445-936F2596BD3A}"
EndProject
Global
	GlobalSection(SolutionConfigurationPlatforms) = preSolution
		Debug|Any CPU = Debug|Any CPU
		Release|Any CPU = Release|Any CPU
	EndGlobalSection
	GlobalSection(ProjectConfigurationPlatforms) = postSolution
		{4A9539D8-02CB-4697-A5BC-D8DC3995B936}.Debug|Any CPU.ActiveCfg = Debug|Any CPU
		{4A9539D8-02CB-4697-A5BC-D8DC3995B936}.Debug|Any CPU.Build.0 = Debug|Any CPU
		{4A9539D8-02CB-4697-A5BC-D8DC3995B936}.Release|Any CPU.ActiveCfg = Release|Any CPU
		{4A9539D8-02CB-4697-A5BC-D8DC3995B936}.Release|Any CPU.Build.0 = Release|Any CPU
		{8B0BCAC2-5410-4C19-9445-936F2596BD3A}.Debug|Any CPU.ActiveCfg = Debug|Any CPU
		{8B0BCAC2-5410-4C19-9445-936F2596BD3A}.Debug|Any CPU.Build.0 = Debug|Any CPU
		{8B0BCAC2-5410-4C19-9445-936F2596BD3A}.Release|Any CPU.ActiveCfg = Release|Any CPU
		{8B0BCAC2-5410-4C19-9445-936F2596BD3A}.Release|Any CPU.Build.0 = Release|Any CPU
	EndGlobalSection
	GlobalSection(SolutionProperties) = preSolution
		HideSolutionNode = FALSE
	EndGlobalSection
	GlobalSection(ExtensibilityGlobals) = postSolution
		SolutionGuid = {A62CD3BE-635A-43CE-B8EB-3E8F6A1DC39D}
	EndGlobalSection
EndGlobal
